
Microsoft Visual Studio Solution File, Format Version 12.00
# Visual Studio Version 17
VisualStudioVersion = 17.0.32002.185
MinimumVisualStudioVersion = 10.0.40219.1
Project("{9A19103F-16F7-4668-BE54-9A1E7A4F7556}") = "HandyExtensions", "HandyExtensions\HandyExtensions.csproj", "{1AB1F9BD-BC98-4D25-B0A0-EF54529831FE}"
EndProject
Global
	GlobalSection(SolutionConfigurationPlatforms) = preSolution
		Debug|Any CPU = Debug|Any CPU
		Release|Any CPU = Release|Any CPU
	EndGlobalSection
	GlobalSection(ProjectConfigurationPlatforms) = postSolution
		{1AB1F9BD-BC98-4D25-B0A0-EF54529831FE}.Debug|Any CPU.ActiveCfg = Debug|Any CPU
		{1AB1F9BD-BC98-4D25-B0A0-EF54529831FE}.Debug|Any CPU.Build.0 = Debug|Any CPU
		{1AB1F9BD-BC98-4D25-B0A0-EF54529831FE}.Release|Any CPU.ActiveCfg = Release|Any CPU
		{1AB1F9BD-BC98-4D25-B0A0-EF54529831FE}.Release|Any CPU.Build.0 = Release|Any CPU
	EndGlobalSection
	GlobalSection(SolutionProperties) = preSolution
		HideSolutionNode = FALSE
	EndGlobalSection
	GlobalSection(ExtensibilityGlobals) = postSolution
		SolutionGuid = {4A76966B-EB5F-4165-B0F6-4C1EB81117F3}
	EndGlobalSection
EndGlobal
